
Microsoft Visual Studio Solution File, Format Version 12.00
# Visual Studio Version 17
VisualStudioVersion = 17.11.35431.28
MinimumVisualStudioVersion = 10.0.40219.1
Project("{FAE04EC0-301F-11D3-BF4B-00C04F79EFBC}") = "Aspire.Hosting.AgileConfig", "src\Aspire.Hosting.AgileConfig\Aspire.Hosting.AgileConfig.csproj", "{143B1A25-B5FE-401A-90BC-45697F81ABC1}"
EndProject
Project("{FAE04EC0-301F-11D3-BF4B-00C04F79EFBC}") = "Aspire.Hosting.AgileConfig.HostApp", "src\Aspire.Hosting.AgileConfig.HostApp\Aspire.Hosting.AgileConfig.HostApp.csproj", "{1C8FA4B2-6235-4AE3-9A25-C5A4C478BB40}"
EndProject
Global
	GlobalSection(SolutionConfigurationPlatforms) = preSolution
		Debug|Any CPU = Debug|Any CPU
		Release|Any CPU = Release|Any CPU
	EndGlobalSection
	GlobalSection(ProjectConfigurationPlatforms) = postSolution
		{143B1A25-B5FE-401A-90BC-45697F81ABC1}.Debug|Any CPU.ActiveCfg = Debug|Any CPU
		{143B1A25-B5FE-401A-90BC-45697F81ABC1}.Debug|Any CPU.Build.0 = Debug|Any CPU
		{143B1A25-B5FE-401A-90BC-45697F81ABC1}.Release|Any CPU.ActiveCfg = Release|Any CPU
		{143B1A25-B5FE-401A-90BC-45697F81ABC1}.Release|Any CPU.Build.0 = Release|Any CPU
		{1C8FA4B2-6235-4AE3-9A25-C5A4C478BB40}.Debug|Any CPU.ActiveCfg = Debug|Any CPU
		{1C8FA4B2-6235-4AE3-9A25-C5A4C478BB40}.Debug|Any CPU.Build.0 = Debug|Any CPU
		{1C8FA4B2-6235-4AE3-9A25-C5A4C478BB40}.Release|Any CPU.ActiveCfg = Release|Any CPU
		{1C8FA4B2-6235-4AE3-9A25-C5A4C478BB40}.Release|Any CPU.Build.0 = Release|Any CPU
	EndGlobalSection
	GlobalSection(SolutionProperties) = preSolution
		HideSolutionNode = FALSE
	EndGlobalSection
	GlobalSection(ExtensibilityGlobals) = postSolution
		SolutionGuid = {BFFCD987-2F07-4E62-A28F-18965AAEF729}
	EndGlobalSection
EndGlobal
